
Microsoft Visual Studio Solution File, Format Version 12.00
Project("{F2A71F9B-5D33-465A-A702-920D77279786}") = "AccidentalFish.FSharp.Validation", "src\AccidentalFish.FSharp.Validation\AccidentalFish.FSharp.Validation.fsproj", "{9F04CFF5-D2FB-43CA-B8D6-CD1833A58F89}"
EndProject
Global
	GlobalSection(SolutionConfigurationPlatforms) = preSolution
		Debug|Any CPU = Debug|Any CPU
		Release|Any CPU = Release|Any CPU
	EndGlobalSection
	GlobalSection(ProjectConfigurationPlatforms) = postSolution
		{9F04CFF5-D2FB-43CA-B8D6-CD1833A58F89}.Debug|Any CPU.ActiveCfg = Debug|Any CPU
		{9F04CFF5-D2FB-43CA-B8D6-CD1833A58F89}.Debug|Any CPU.Build.0 = Debug|Any CPU
		{9F04CFF5-D2FB-43CA-B8D6-CD1833A58F89}.Release|Any CPU.ActiveCfg = Release|Any CPU
		{9F04CFF5-D2FB-43CA-B8D6-CD1833A58F89}.Release|Any CPU.Build.0 = Release|Any CPU
	EndGlobalSection
EndGlobal
